
Microsoft Visual Studio Solution File, Format Version 12.00
# Visual Studio Version 16
VisualStudioVersion = 16.0.30011.22
MinimumVisualStudioVersion = 10.0.40219.1
Project("{8BC9CEB8-8B4A-11D0-8D11-00A0C91BC942}") = "ConsoleApplication1", "ConsoleApplication1\ConsoleApplication1.vcxproj", "{91689A7E-8847-4AD5-812F-D93FECDAF4A7}"
EndProject
Project("{8BC9CEB8-8B4A-11D0-8D11-00A0C91BC942}") = "TestDll", "TestDll\TestDll.vcxproj", "{8EE36CD3-E85E-4525-BA91-0F6E439E604C}"
EndProject
Global
	GlobalSection(SolutionConfigurationPlatforms) = preSolution
		Debug|x64 = Debug|x64
		Debug|x86 = Debug|x86
		Release|x64 = Release|x64
		Release|x86 = Release|x86
	EndGlobalSection
	GlobalSection(ProjectConfigurationPlatforms) = postSolution
		{91689A7E-8847-4AD5-812F-D93FECDAF4A7}.Debug|x64.ActiveCfg = Debug|x64
		{91689A7E-8847-4AD5-812F-D93FECDAF4A7}.Debug|x64.Build.0 = Debug|x64
		{91689A7E-8847-4AD5-812F-D93FECDAF4A7}.Debug|x86.ActiveCfg = Debug|x64
		{91689A7E-8847-4AD5-812F-D93FECDAF4A7}.Debug|x86.Build.0 = Debug|x64
		{91689A7E-8847-4AD5-812F-D93FECDAF4A7}.Release|x64.ActiveCfg = Release|x64
		{91689A7E-8847-4AD5-812F-D93FECDAF4A7}.Release|x64.Build.0 = Release|x64
		{91689A7E-8847-4AD5-812F-D93FECDAF4A7}.Release|x86.ActiveCfg = Release|Win32
		{91689A7E-8847-4AD5-812F-D93FECDAF4A7}.Release|x86.Build.0 = Release|Win32
		{8EE36CD3-E85E-4525-BA91-0F6E439E604C}.Debug|x64.ActiveCfg = Debug|x64
		{8EE36CD3-E85E-4525-BA91-0F6E439E604C}.Debug|x64.Build.0 = Debug|x64
		{8EE36CD3-E85E-4525-BA91-0F6E439E604C}.Debug|x86.ActiveCfg = Debug|Win32
		{8EE36CD3-E85E-4525-BA91-0F6E439E604C}.Debug|x86.Build.0 = Debug|Win32
		{8EE36CD3-E85E-4525-BA91-0F6E439E604C}.Release|x64.ActiveCfg = Release|x64
		{8EE36CD3-E85E-4525-BA91-0F6E439E604C}.Release|x64.Build.0 = Release|x64
		{8EE36CD3-E85E-4525-BA91-0F6E439E604C}.Release|x86.ActiveCfg = Release|Win32
		{8EE36CD3-E85E-4525-BA91-0F6E439E604C}.Release|x86.Build.0 = Release|Win32
	EndGlobalSection
	GlobalSection(SolutionProperties) = preSolution
		HideSolutionNode = FALSE
	EndGlobalSection
	GlobalSection(ExtensibilityGlobals) = postSolution
		SolutionGuid = {ACBA80F2-65A3-42AC-BEB8-B89A71BDFE51}
	EndGlobalSection
EndGlobal
